
Microsoft Visual Studio Solution File, Format Version 12.00
# Visual Studio Version 17
VisualStudioVersion = 17.14.36414.22 d17.14
MinimumVisualStudioVersion = 10.0.40219.1
Project("{2150E333-8FDC-42A3-9474-1A3956D46DE8}") = "Task0", "Task0", "{02EA681E-C7D8-13C7-8484-4AC65E1B71E8}"
EndProject
Project("{FAE04EC0-301F-11D3-BF4B-00C04F79EFBC}") = "Tyuiu.DanilovAS.Sprint2.Task0.V1", "Tyuiu.DanilovAS.Sprint2.Task0.V1\Tyuiu.DanilovAS.Sprint2.Task0.V1.csproj", "{2B938EB4-E202-49E2-9DD3-50372417BE8C}"
EndProject
Project("{FAE04EC0-301F-11D3-BF4B-00C04F79EFBC}") = "Tyuiu.DanilovAS.Sprint2.Task0.V1.Lib", "Tyuiu.DanilovAS.Sprint2.Task0.V1.Lib\Tyuiu.DanilovAS.Sprint2.Task0.V1.Lib.csproj", "{02639E9F-4FC9-40CE-85AE-ACB718891BB3}"
EndProject
Project("{FAE04EC0-301F-11D3-BF4B-00C04F79EFBC}") = "Tyuiu.DanilovAS.Sprint2.Task0.V1.Test", "Tyuiu.DanilovAS.Sprint2.Task0.V1.Test\Tyuiu.DanilovAS.Sprint2.Task0.V1.Test.csproj", "{9A3FD9CF-FFEC-485D-AFAF-10AFA4855E01}"
EndProject
Global
	GlobalSection(SolutionConfigurationPlatforms) = preSolution
		Debug|Any CPU = Debug|Any CPU
		Release|Any CPU = Release|Any CPU
	EndGlobalSection
	GlobalSection(ProjectConfigurationPlatforms) = postSolution
		{2B938EB4-E202-49E2-9DD3-50372417BE8C}.Debug|Any CPU.ActiveCfg = Debug|Any CPU
		{2B938EB4-E202-49E2-9DD3-50372417BE8C}.Debug|Any CPU.Build.0 = Debug|Any CPU
		{2B938EB4-E202-49E2-9DD3-50372417BE8C}.Release|Any CPU.ActiveCfg = Release|Any CPU
		{2B938EB4-E202-49E2-9DD3-50372417BE8C}.Release|Any CPU.Build.0 = Release|Any CPU
		{02639E9F-4FC9-40CE-85AE-ACB718891BB3}.Debug|Any CPU.ActiveCfg = Debug|Any CPU
		{02639E9F-4FC9-40CE-85AE-ACB718891BB3}.Debug|Any CPU.Build.0 = Debug|Any CPU
		{02639E9F-4FC9-40CE-85AE-ACB718891BB3}.Release|Any CPU.ActiveCfg = Release|Any CPU
		{02639E9F-4FC9-40CE-85AE-ACB718891BB3}.Release|Any CPU.Build.0 = Release|Any CPU
		{9A3FD9CF-FFEC-485D-AFAF-10AFA4855E01}.Debug|Any CPU.ActiveCfg = Debug|Any CPU
		{9A3FD9CF-FFEC-485D-AFAF-10AFA4855E01}.Debug|Any CPU.Build.0 = Debug|Any CPU
		{9A3FD9CF-FFEC-485D-AFAF-10AFA4855E01}.Release|Any CPU.ActiveCfg = Release|Any CPU
		{9A3FD9CF-FFEC-485D-AFAF-10AFA4855E01}.Release|Any CPU.Build.0 = Release|Any CPU
	EndGlobalSection
	GlobalSection(SolutionProperties) = preSolution
		HideSolutionNode = FALSE
	EndGlobalSection
	GlobalSection(NestedProjects) = preSolution
		{2B938EB4-E202-49E2-9DD3-50372417BE8C} = {02EA681E-C7D8-13C7-8484-4AC65E1B71E8}
		{02639E9F-4FC9-40CE-85AE-ACB718891BB3} = {02EA681E-C7D8-13C7-8484-4AC65E1B71E8}
		{9A3FD9CF-FFEC-485D-AFAF-10AFA4855E01} = {02EA681E-C7D8-13C7-8484-4AC65E1B71E8}
	EndGlobalSection
	GlobalSection(ExtensibilityGlobals) = postSolution
		SolutionGuid = {3CB542C1-0BB9-466A-86B9-5B021C8935B8}
	EndGlobalSection
EndGlobal
