
Microsoft Visual Studio Solution File, Format Version 12.00
# Visual Studio Version 17
VisualStudioVersion = 17.14.36414.22
MinimumVisualStudioVersion = 10.0.40219.1
Project("{2150E333-8FDC-42A3-9474-1A3956D46DE8}") = "Task0", "Task0", "{02EA681E-C7D8-13C7-8484-4AC65E1B71E8}"
EndProject
Project("{FAE04EC0-301F-11D3-BF4B-00C04F79EFBC}") = "Tyuiu.DanilovAS.Sprint2.Task0.V1", "Tyuiu.DanilovAS.Sprint2.Task0.V1\Tyuiu.DanilovAS.Sprint2.Task0.V1.csproj", "{2B938EB4-E202-49E2-9DD3-50372417BE8C}"
EndProject
Project("{FAE04EC0-301F-11D3-BF4B-00C04F79EFBC}") = "Tyuiu.DanilovAS.Sprint2.Task0.V1.Lib", "Tyuiu.DanilovAS.Sprint2.Task0.V1.Lib\Tyuiu.DanilovAS.Sprint2.Task0.V1.Lib.csproj", "{02639E9F-4FC9-40CE-85AE-ACB718891BB3}"
EndProject
Project("{FAE04EC0-301F-11D3-BF4B-00C04F79EFBC}") = "Tyuiu.DanilovAS.Sprint2.Task0.V1.Test", "Tyuiu.DanilovAS.Sprint2.Task0.V1.Test\Tyuiu.DanilovAS.Sprint2.Task0.V1.Test.csproj", "{9A3FD9CF-FFEC-485D-AFAF-10AFA4855E01}"
EndProject
Project("{2150E333-8FDC-42A3-9474-1A3956D46DE8}") = "Task1", "Task1", "{A1A5D8EA-005E-4843-859C-49C76EAB0A44}"
EndProject
Project("{FAE04EC0-301F-11D3-BF4B-00C04F79EFBC}") = "Tyuiu.DanilovAS.Sprint2.Task1.V17", "Tyuiu.DanilovAS.Sprint2.Task1.V17\Tyuiu.DanilovAS.Sprint2.Task1.V17.csproj", "{B088859C-095D-45B5-AD58-F4AB2F8A34C2}"
EndProject
Project("{FAE04EC0-301F-11D3-BF4B-00C04F79EFBC}") = "Tyuiu.DanilovAS.Sprint2.Task1.V17.Lib", "Tyuiu.DanilovAS.Sprint2.Task1.V17.Lib\Tyuiu.DanilovAS.Sprint2.Task1.V17.Lib.csproj", "{EA7326FF-03FB-4F4D-89A8-F8D4CEF7615D}"
EndProject
Project("{FAE04EC0-301F-11D3-BF4B-00C04F79EFBC}") = "Tyuiu.DanilovAS.Sprint2.Task1.V17.Test", "Tyuiu.DanilovAS.Sprint2.Task1.V17.Test\Tyuiu.DanilovAS.Sprint2.Task1.V17.Test.csproj", "{0A637B55-9B7C-4A61-BAE8-A1B284B40C7F}"
EndProject
Project("{2150E333-8FDC-42A3-9474-1A3956D46DE8}") = "Task2", "Task2", "{63D4F881-D35C-4251-9187-250A7D2549A4}"
EndProject
Project("{FAE04EC0-301F-11D3-BF4B-00C04F79EFBC}") = "Tyuiu.DanilovAS.Sprint2.Task2.V4", "Tyuiu.DanilovAS.Sprint2.Task2.V4\Tyuiu.DanilovAS.Sprint2.Task2.V4.csproj", "{5CA58834-E19A-43DF-8E70-8A08238F3E64}"
EndProject
Project("{FAE04EC0-301F-11D3-BF4B-00C04F79EFBC}") = "Tyuiu.DanilovAS.Sprint2.Task2.V4.Lib", "Tyuiu.DanilovAS.Sprint2.Task2.V4.Lib\Tyuiu.DanilovAS.Sprint2.Task2.V4.Lib.csproj", "{6DC86E05-AA09-438C-AE8F-0699781F939C}"
EndProject
Project("{FAE04EC0-301F-11D3-BF4B-00C04F79EFBC}") = "Tyuiu.DanilovAS.Sprint2.Task2.V4.Test", "Tyuiu.DanilovAS.Sprint2.Task2.V4.Test\Tyuiu.DanilovAS.Sprint2.Task2.V4.Test.csproj", "{9493197D-A5B8-4B43-8EE8-18662A261A85}"
EndProject
Project("{2150E333-8FDC-42A3-9474-1A3956D46DE8}") = "Task3", "Task3", "{CEBC9BC3-64AA-4BE1-A788-DA395CBE8528}"
EndProject
Project("{FAE04EC0-301F-11D3-BF4B-00C04F79EFBC}") = "Tyuiu.DanilovAS.Sprint2.Task3.V12", "Tyuiu.DanilovAS.Sprint2.Task3.V12\Tyuiu.DanilovAS.Sprint2.Task3.V12.csproj", "{05B42862-5AA2-4677-AAD4-FE3A208E26DE}"
EndProject
Project("{FAE04EC0-301F-11D3-BF4B-00C04F79EFBC}") = "Tyuiu.DanilovAS.Sprint2.Task3.V12.Lib", "Tyuiu.DanilovAS.Sprint2.Task3.V12.Lib\Tyuiu.DanilovAS.Sprint2.Task3.V12.Lib.csproj", "{32D3EDCA-53BC-4AFA-82D6-4F3378DAE1FA}"
EndProject
Project("{FAE04EC0-301F-11D3-BF4B-00C04F79EFBC}") = "Tyuiu.DanilovAS.Sprint2.Task3.V12.Test", "Tyuiu.DanilovAS.Sprint2.Task3.V12.Test\Tyuiu.DanilovAS.Sprint2.Task3.V12.Test.csproj", "{6F05343D-73DB-4464-AC37-ED023336FD27}"
EndProject
Project("{2150E333-8FDC-42A3-9474-1A3956D46DE8}") = "Task4", "Task4", "{FF6A68A2-93B6-4A26-8889-6D40BAC84186}"
EndProject
Project("{FAE04EC0-301F-11D3-BF4B-00C04F79EFBC}") = "Tyuiu.DanilovAS.Sprint2.Task4.V12", "Tyuiu.DanilovAS.Sprint2.Task4.V12\Tyuiu.DanilovAS.Sprint2.Task4.V12.csproj", "{C3AB0F0E-49FA-4674-991E-C5051D3A53CC}"
EndProject
Project("{FAE04EC0-301F-11D3-BF4B-00C04F79EFBC}") = "Tyuiu.DanilovAS.Sprint2.Task4.V12.Lib", "Tyuiu.DanilovAS.Sprint2.Task4.V12.Lib\Tyuiu.DanilovAS.Sprint2.Task4.V12.Lib.csproj", "{B856C32C-6ACD-44C1-9EB0-24084856C2CA}"
EndProject
Project("{FAE04EC0-301F-11D3-BF4B-00C04F79EFBC}") = "Tyuiu.DanilovAS.Sprint2.Task4.V12.Test", "Tyuiu.DanilovAS.Sprint2.Task4.V12.Test\Tyuiu.DanilovAS.Sprint2.Task4.V12.Test.csproj", "{692ECF84-6775-4458-890A-AECBC07CDD7A}"
EndProject
Project("{2150E333-8FDC-42A3-9474-1A3956D46DE8}") = "Task5", "Task5", "{7270301D-C1D8-40CB-9B27-E191BBD49F8E}"
EndProject
Project("{FAE04EC0-301F-11D3-BF4B-00C04F79EFBC}") = "Tyuiu.DanilovAS.Sprint2.Task5.V15", "Tyuiu.DanilovAS.Sprint2.Task5.V15\Tyuiu.DanilovAS.Sprint2.Task5.V15.csproj", "{5BA6908B-48C8-4F1C-9554-1B4986F68609}"
EndProject
Project("{FAE04EC0-301F-11D3-BF4B-00C04F79EFBC}") = "Tyuiu.DanilovAS.Sprint2.Task5.V15.Lib", "Tyuiu.DanilovAS.Sprint2.Task5.V15.Lib\Tyuiu.DanilovAS.Sprint2.Task5.V15.Lib.csproj", "{A6D13DCE-7B47-4D0D-A7E4-4963307F3968}"
EndProject
Project("{FAE04EC0-301F-11D3-BF4B-00C04F79EFBC}") = "Tyuiu.DanilovAS.Sprint2.Task5.V15.Test", "Tyuiu.DanilovAS.Sprint2.Task5.V15.Test\Tyuiu.DanilovAS.Sprint2.Task5.V15.Test.csproj", "{495358AD-EE86-466D-BFB2-B9539E6BFCBB}"
EndProject
Global
	GlobalSection(SolutionConfigurationPlatforms) = preSolution
		Debug|Any CPU = Debug|Any CPU
		Release|Any CPU = Release|Any CPU
	EndGlobalSection
	GlobalSection(ProjectConfigurationPlatforms) = postSolution
		{2B938EB4-E202-49E2-9DD3-50372417BE8C}.Debug|Any CPU.ActiveCfg = Debug|Any CPU
		{2B938EB4-E202-49E2-9DD3-50372417BE8C}.Debug|Any CPU.Build.0 = Debug|Any CPU
		{2B938EB4-E202-49E2-9DD3-50372417BE8C}.Release|Any CPU.ActiveCfg = Release|Any CPU
		{2B938EB4-E202-49E2-9DD3-50372417BE8C}.Release|Any CPU.Build.0 = Release|Any CPU
		{02639E9F-4FC9-40CE-85AE-ACB718891BB3}.Debug|Any CPU.ActiveCfg = Debug|Any CPU
		{02639E9F-4FC9-40CE-85AE-ACB718891BB3}.Debug|Any CPU.Build.0 = Debug|Any CPU
		{02639E9F-4FC9-40CE-85AE-ACB718891BB3}.Release|Any CPU.ActiveCfg = Release|Any CPU
		{02639E9F-4FC9-40CE-85AE-ACB718891BB3}.Release|Any CPU.Build.0 = Release|Any CPU
		{9A3FD9CF-FFEC-485D-AFAF-10AFA4855E01}.Debug|Any CPU.ActiveCfg = Debug|Any CPU
		{9A3FD9CF-FFEC-485D-AFAF-10AFA4855E01}.Debug|Any CPU.Build.0 = Debug|Any CPU
		{9A3FD9CF-FFEC-485D-AFAF-10AFA4855E01}.Release|Any CPU.ActiveCfg = Release|Any CPU
		{9A3FD9CF-FFEC-485D-AFAF-10AFA4855E01}.Release|Any CPU.Build.0 = Release|Any CPU
		{B088859C-095D-45B5-AD58-F4AB2F8A34C2}.Debug|Any CPU.ActiveCfg = Debug|Any CPU
		{B088859C-095D-45B5-AD58-F4AB2F8A34C2}.Debug|Any CPU.Build.0 = Debug|Any CPU
		{B088859C-095D-45B5-AD58-F4AB2F8A34C2}.Release|Any CPU.ActiveCfg = Release|Any CPU
		{B088859C-095D-45B5-AD58-F4AB2F8A34C2}.Release|Any CPU.Build.0 = Release|Any CPU
		{EA7326FF-03FB-4F4D-89A8-F8D4CEF7615D}.Debug|Any CPU.ActiveCfg = Debug|Any CPU
		{EA7326FF-03FB-4F4D-89A8-F8D4CEF7615D}.Debug|Any CPU.Build.0 = Debug|Any CPU
		{EA7326FF-03FB-4F4D-89A8-F8D4CEF7615D}.Release|Any CPU.ActiveCfg = Release|Any CPU
		{EA7326FF-03FB-4F4D-89A8-F8D4CEF7615D}.Release|Any CPU.Build.0 = Release|Any CPU
		{0A637B55-9B7C-4A61-BAE8-A1B284B40C7F}.Debug|Any CPU.ActiveCfg = Debug|Any CPU
		{0A637B55-9B7C-4A61-BAE8-A1B284B40C7F}.Debug|Any CPU.Build.0 = Debug|Any CPU
		{0A637B55-9B7C-4A61-BAE8-A1B284B40C7F}.Release|Any CPU.ActiveCfg = Release|Any CPU
		{0A637B55-9B7C-4A61-BAE8-A1B284B40C7F}.Release|Any CPU.Build.0 = Release|Any CPU
		{5CA58834-E19A-43DF-8E70-8A08238F3E64}.Debug|Any CPU.ActiveCfg = Debug|Any CPU
		{5CA58834-E19A-43DF-8E70-8A08238F3E64}.Debug|Any CPU.Build.0 = Debug|Any CPU
		{5CA58834-E19A-43DF-8E70-8A08238F3E64}.Release|Any CPU.ActiveCfg = Release|Any CPU
		{5CA58834-E19A-43DF-8E70-8A08238F3E64}.Release|Any CPU.Build.0 = Release|Any CPU
		{6DC86E05-AA09-438C-AE8F-0699781F939C}.Debug|Any CPU.ActiveCfg = Debug|Any CPU
		{6DC86E05-AA09-438C-AE8F-0699781F939C}.Debug|Any CPU.Build.0 = Debug|Any CPU
		{6DC86E05-AA09-438C-AE8F-0699781F939C}.Release|Any CPU.ActiveCfg = Release|Any CPU
		{6DC86E05-AA09-438C-AE8F-0699781F939C}.Release|Any CPU.Build.0 = Release|Any CPU
		{9493197D-A5B8-4B43-8EE8-18662A261A85}.Debug|Any CPU.ActiveCfg = Debug|Any CPU
		{9493197D-A5B8-4B43-8EE8-18662A261A85}.Debug|Any CPU.Build.0 = Debug|Any CPU
		{9493197D-A5B8-4B43-8EE8-18662A261A85}.Release|Any CPU.ActiveCfg = Release|Any CPU
		{9493197D-A5B8-4B43-8EE8-18662A261A85}.Release|Any CPU.Build.0 = Release|Any CPU
		{05B42862-5AA2-4677-AAD4-FE3A208E26DE}.Debug|Any CPU.ActiveCfg = Debug|Any CPU
		{05B42862-5AA2-4677-AAD4-FE3A208E26DE}.Debug|Any CPU.Build.0 = Debug|Any CPU
		{05B42862-5AA2-4677-AAD4-FE3A208E26DE}.Release|Any CPU.ActiveCfg = Release|Any CPU
		{05B42862-5AA2-4677-AAD4-FE3A208E26DE}.Release|Any CPU.Build.0 = Release|Any CPU
		{32D3EDCA-53BC-4AFA-82D6-4F3378DAE1FA}.Debug|Any CPU.ActiveCfg = Debug|Any CPU
		{32D3EDCA-53BC-4AFA-82D6-4F3378DAE1FA}.Debug|Any CPU.Build.0 = Debug|Any CPU
		{32D3EDCA-53BC-4AFA-82D6-4F3378DAE1FA}.Release|Any CPU.ActiveCfg = Release|Any CPU
		{32D3EDCA-53BC-4AFA-82D6-4F3378DAE1FA}.Release|Any CPU.Build.0 = Release|Any CPU
		{6F05343D-73DB-4464-AC37-ED023336FD27}.Debug|Any CPU.ActiveCfg = Debug|Any CPU
		{6F05343D-73DB-4464-AC37-ED023336FD27}.Debug|Any CPU.Build.0 = Debug|Any CPU
		{6F05343D-73DB-4464-AC37-ED023336FD27}.Release|Any CPU.ActiveCfg = Release|Any CPU
		{6F05343D-73DB-4464-AC37-ED023336FD27}.Release|Any CPU.Build.0 = Release|Any CPU
		{C3AB0F0E-49FA-4674-991E-C5051D3A53CC}.Debug|Any CPU.ActiveCfg = Debug|Any CPU
		{C3AB0F0E-49FA-4674-991E-C5051D3A53CC}.Debug|Any CPU.Build.0 = Debug|Any CPU
		{C3AB0F0E-49FA-4674-991E-C5051D3A53CC}.Release|Any CPU.ActiveCfg = Release|Any CPU
		{C3AB0F0E-49FA-4674-991E-C5051D3A53CC}.Release|Any CPU.Build.0 = Release|Any CPU
		{B856C32C-6ACD-44C1-9EB0-24084856C2CA}.Debug|Any CPU.ActiveCfg = Debug|Any CPU
		{B856C32C-6ACD-44C1-9EB0-24084856C2CA}.Debug|Any CPU.Build.0 = Debug|Any CPU
		{B856C32C-6ACD-44C1-9EB0-24084856C2CA}.Release|Any CPU.ActiveCfg = Release|Any CPU
		{B856C32C-6ACD-44C1-9EB0-24084856C2CA}.Release|Any CPU.Build.0 = Release|Any CPU
		{692ECF84-6775-4458-890A-AECBC07CDD7A}.Debug|Any CPU.ActiveCfg = Debug|Any CPU
		{692ECF84-6775-4458-890A-AECBC07CDD7A}.Debug|Any CPU.Build.0 = Debug|Any CPU
		{692ECF84-6775-4458-890A-AECBC07CDD7A}.Release|Any CPU.ActiveCfg = Release|Any CPU
		{692ECF84-6775-4458-890A-AECBC07CDD7A}.Release|Any CPU.Build.0 = Release|Any CPU
		{5BA6908B-48C8-4F1C-9554-1B4986F68609}.Debug|Any CPU.ActiveCfg = Debug|Any CPU
		{5BA6908B-48C8-4F1C-9554-1B4986F68609}.Debug|Any CPU.Build.0 = Debug|Any CPU
		{5BA6908B-48C8-4F1C-9554-1B4986F68609}.Release|Any CPU.ActiveCfg = Release|Any CPU
		{5BA6908B-48C8-4F1C-9554-1B4986F68609}.Release|Any CPU.Build.0 = Release|Any CPU
		{A6D13DCE-7B47-4D0D-A7E4-4963307F3968}.Debug|Any CPU.ActiveCfg = Debug|Any CPU
		{A6D13DCE-7B47-4D0D-A7E4-4963307F3968}.Debug|Any CPU.Build.0 = Debug|Any CPU
		{A6D13DCE-7B47-4D0D-A7E4-4963307F3968}.Release|Any CPU.ActiveCfg = Release|Any CPU
		{A6D13DCE-7B47-4D0D-A7E4-4963307F3968}.Release|Any CPU.Build.0 = Release|Any CPU
		{495358AD-EE86-466D-BFB2-B9539E6BFCBB}.Debug|Any CPU.ActiveCfg = Debug|Any CPU
		{495358AD-EE86-466D-BFB2-B9539E6BFCBB}.Debug|Any CPU.Build.0 = Debug|Any CPU
		{495358AD-EE86-466D-BFB2-B9539E6BFCBB}.Release|Any CPU.ActiveCfg = Release|Any CPU
		{495358AD-EE86-466D-BFB2-B9539E6BFCBB}.Release|Any CPU.Build.0 = Release|Any CPU
	EndGlobalSection
	GlobalSection(SolutionProperties) = preSolution
		HideSolutionNode = FALSE
	EndGlobalSection
	GlobalSection(NestedProjects) = preSolution
		{2B938EB4-E202-49E2-9DD3-50372417BE8C} = {02EA681E-C7D8-13C7-8484-4AC65E1B71E8}
		{02639E9F-4FC9-40CE-85AE-ACB718891BB3} = {02EA681E-C7D8-13C7-8484-4AC65E1B71E8}
		{9A3FD9CF-FFEC-485D-AFAF-10AFA4855E01} = {02EA681E-C7D8-13C7-8484-4AC65E1B71E8}
		{B088859C-095D-45B5-AD58-F4AB2F8A34C2} = {A1A5D8EA-005E-4843-859C-49C76EAB0A44}
		{EA7326FF-03FB-4F4D-89A8-F8D4CEF7615D} = {A1A5D8EA-005E-4843-859C-49C76EAB0A44}
		{0A637B55-9B7C-4A61-BAE8-A1B284B40C7F} = {A1A5D8EA-005E-4843-859C-49C76EAB0A44}
		{5CA58834-E19A-43DF-8E70-8A08238F3E64} = {63D4F881-D35C-4251-9187-250A7D2549A4}
		{6DC86E05-AA09-438C-AE8F-0699781F939C} = {63D4F881-D35C-4251-9187-250A7D2549A4}
		{9493197D-A5B8-4B43-8EE8-18662A261A85} = {63D4F881-D35C-4251-9187-250A7D2549A4}
		{05B42862-5AA2-4677-AAD4-FE3A208E26DE} = {CEBC9BC3-64AA-4BE1-A788-DA395CBE8528}
		{32D3EDCA-53BC-4AFA-82D6-4F3378DAE1FA} = {CEBC9BC3-64AA-4BE1-A788-DA395CBE8528}
		{6F05343D-73DB-4464-AC37-ED023336FD27} = {CEBC9BC3-64AA-4BE1-A788-DA395CBE8528}
		{C3AB0F0E-49FA-4674-991E-C5051D3A53CC} = {FF6A68A2-93B6-4A26-8889-6D40BAC84186}
		{B856C32C-6ACD-44C1-9EB0-24084856C2CA} = {FF6A68A2-93B6-4A26-8889-6D40BAC84186}
		{692ECF84-6775-4458-890A-AECBC07CDD7A} = {FF6A68A2-93B6-4A26-8889-6D40BAC84186}
		{5BA6908B-48C8-4F1C-9554-1B4986F68609} = {7270301D-C1D8-40CB-9B27-E191BBD49F8E}
		{A6D13DCE-7B47-4D0D-A7E4-4963307F3968} = {7270301D-C1D8-40CB-9B27-E191BBD49F8E}
		{495358AD-EE86-466D-BFB2-B9539E6BFCBB} = {7270301D-C1D8-40CB-9B27-E191BBD49F8E}
	EndGlobalSection
	GlobalSection(ExtensibilityGlobals) = postSolution
		SolutionGuid = {3CB542C1-0BB9-466A-86B9-5B021C8935B8}
	EndGlobalSection
EndGlobal
